# This file is automatically @generated by Poetry and should not be changed by hand.

[[package]]
name = "cement"
version = "3.0.8"
description = "Application Framework for Python"
category = "main"
optional = false
python-versions = ">=3.5"
files = [
    {file = "cement-3.0.8-py3-none-any.whl", hash = "sha256:6bea33b89d3329c405ca4119b7da402b53b7c2c402e98cda371e882d5a2f485e"},
    {file = "cement-3.0.8.tar.gz", hash = "sha256:ad11a694665e2ad28457c560494f4f8c36a25fc58e500d608a9d91e04e1d3093"},
]

[package.extras]
colorlog = ["colorlog"]
generate = ["pyYaml"]
jinja2 = ["jinja2"]
memcached = ["pylibmc"]
mustache = ["pystache"]
redis = ["redis"]
tabulate = ["tabulate"]
watchdog = ["watchdog"]
yaml = ["pyYaml"]

[[package]]
name = "pip"
version = "23.0"
description = "The PyPA recommended tool for installing Python packages."
category = "main"
optional = false
python-versions = ">=3.7"
files = [
    {file = "pip-23.0-py3-none-any.whl", hash = "sha256:b5f88adff801f5ef052bcdef3daa31b55eb67b0fccd6d0106c206fa248e0463c"},
    {file = "pip-23.0.tar.gz", hash = "sha256:aee438284e82c8def684b0bcc50b1f6ed5e941af97fa940e83e2e8ef1a59da9b"},
]

[metadata]
lock-version = "2.0"
python-versions = "^3.10"
content-hash = "deca1cb9e0b3547789c94f298a58e6e752e73e875d9b39604b7f6a5e6cb79ff5"
